// !$*UTF8*$!
{
	archiveVersion = 1;
	classes = {
	};
	objectVersion = 55;
	objects = {

/* Begin PBXAggregateTarget section */
		B9C617C32810F2A200F1D009 /* xcFramework_Domain */ = {
			isa = PBXAggregateTarget;
			buildConfigurationList = B9C617C62810F2A200F1D009 /* Build configuration list for PBXAggregateTarget "xcFramework_Domain" */;
			buildPhases = (
				B9C617C72810F2AB00F1D009 /* ShellScript */,
			);
			dependencies = (
			);
			name = xcFramework_Domain;
			productName = xcFramework_Domain;
		};
/* End PBXAggregateTarget section */

/* Begin PBXBuildFile section */
		B94FC130278EACE500354B2B /* Domain.docc in Sources */ = {isa = PBXBuildFile; fileRef = B94FC12F278EACE500354B2B /* Domain.docc */; };
		B94FC136278EACE500354B2B /* Domain.framework in Frameworks */ = {isa = PBXBuildFile; fileRef = B94FC12B278EACE500354B2B /* Domain.framework */; };
		B94FC13B278EACE500354B2B /* DomainTests.swift in Sources */ = {isa = PBXBuildFile; fileRef = B94FC13A278EACE500354B2B /* DomainTests.swift */; };
		B94FC13C278EACE500354B2B /* Domain.h in Headers */ = {isa = PBXBuildFile; fileRef = B94FC12E278EACE500354B2B /* Domain.h */; settings = {ATTRIBUTES = (Public, ); }; };
		B94FC14B278EB09000354B2B /* Domain.swift in Sources */ = {isa = PBXBuildFile; fileRef = B94FC14A278EB09000354B2B /* Domain.swift */; };
		B9C617B72810DFAE00F1D009 /* Pods_Domain.framework in Frameworks */ = {isa = PBXBuildFile; fileRef = 2A12A03666126A65DD9958EE /* Pods_Domain.framework */; };
/* End PBXBuildFile section */

/* Begin PBXContainerItemProxy section */
		B94FC137278EACE500354B2B /* PBXContainerItemProxy */ = {
			isa = PBXContainerItemProxy;
			containerPortal = B94FC122278EACE500354B2B /* Project object */;
			proxyType = 1;
			remoteGlobalIDString = B94FC12A278EACE500354B2B;
			remoteInfo = Domain;
		};
/* End PBXContainerItemProxy section */

/* Begin PBXFileReference section */
		2A12A03666126A65DD9958EE /* Pods_Domain.framework */ = {isa = PBXFileReference; explicitFileType = wrapper.framework; includeInIndex = 0; path = Pods_Domain.framework; sourceTree = BUILT_PRODUCTS_DIR; };
		70B5102CF8198C7AD155101F /* Pods-Domain.release.xcconfig */ = {isa = PBXFileReference; includeInIndex = 1; lastKnownFileType = text.xcconfig; name = "Pods-Domain.release.xcconfig"; path = "Target Support Files/Pods-Domain/Pods-Domain.release.xcconfig"; sourceTree = "<group>"; };
		8AEC9CB92643BD8A1136D679 /* Pods-Domain.debug.xcconfig */ = {isa = PBXFileReference; includeInIndex = 1; lastKnownFileType = text.xcconfig; name = "Pods-Domain.debug.xcconfig"; path = "Target Support Files/Pods-Domain/Pods-Domain.debug.xcconfig"; sourceTree = "<group>"; };
		B94FC12B278EACE500354B2B /* Domain.framework */ = {isa = PBXFileReference; explicitFileType = wrapper.framework; includeInIndex = 0; path = Domain.framework; sourceTree = BUILT_PRODUCTS_DIR; };
		B94FC12E278EACE500354B2B /* Domain.h */ = {isa = PBXFileReference; lastKnownFileType = sourcecode.c.h; path = Domain.h; sourceTree = "<group>"; };
		B94FC12F278EACE500354B2B /* Domain.docc */ = {isa = PBXFileReference; lastKnownFileType = folder.documentationcatalog; path = Domain.docc; sourceTree = "<group>"; };
		B94FC135278EACE500354B2B /* DomainTests.xctest */ = {isa = PBXFileReference; explicitFileType = wrapper.cfbundle; includeInIndex = 0; path = DomainTests.xctest; sourceTree = BUILT_PRODUCTS_DIR; };
		B94FC13A278EACE500354B2B /* DomainTests.swift */ = {isa = PBXFileReference; lastKnownFileType = sourcecode.swift; path = DomainTests.swift; sourceTree = "<group>"; };
		B94FC14A278EB09000354B2B /* Domain.swift */ = {isa = PBXFileReference; lastKnownFileType = sourcecode.swift; path = Domain.swift; sourceTree = "<group>"; };
/* End PBXFileReference section */

/* Begin PBXFrameworksBuildPhase section */
		B94FC128278EACE500354B2B /* Frameworks */ = {
			isa = PBXFrameworksBuildPhase;
			buildActionMask = 2147483647;
			files = (
				B9C617B72810DFAE00F1D009 /* Pods_Domain.framework in Frameworks */,
			);
			runOnlyForDeploymentPostprocessing = 0;
		};
		B94FC132278EACE500354B2B /* Frameworks */ = {
			isa = PBXFrameworksBuildPhase;
			buildActionMask = 2147483647;
			files = (
				B94FC136278EACE500354B2B /* Domain.framework in Frameworks */,
			);
			runOnlyForDeploymentPostprocessing = 0;
		};
/* End PBXFrameworksBuildPhase section */

/* Begin PBXGroup section */
		1456E6BBDFB5046FD1D6BC37 /* Frameworks */ = {
			isa = PBXGroup;
			children = (
				2A12A03666126A65DD9958EE /* Pods_Domain.framework */,
			);
			name = Frameworks;
			sourceTree = "<group>";
		};
		B94FC121278EACE500354B2B = {
			isa = PBXGroup;
			children = (
				B94FC12D278EACE500354B2B /* Domain */,
				B94FC139278EACE500354B2B /* DomainTests */,
				B94FC12C278EACE500354B2B /* Products */,
				C3D80F18FA8D87E41AE46999 /* Pods */,
				1456E6BBDFB5046FD1D6BC37 /* Frameworks */,
			);
			sourceTree = "<group>";
		};
		B94FC12C278EACE500354B2B /* Products */ = {
			isa = PBXGroup;
			children = (
				B94FC12B278EACE500354B2B /* Domain.framework */,
				B94FC135278EACE500354B2B /* DomainTests.xctest */,
			);
			name = Products;
			sourceTree = "<group>";
		};
		B94FC12D278EACE500354B2B /* Domain */ = {
			isa = PBXGroup;
			children = (
				B94FC12E278EACE500354B2B /* Domain.h */,
				B94FC12F278EACE500354B2B /* Domain.docc */,
				B94FC14A278EB09000354B2B /* Domain.swift */,
			);
			path = Domain;
			sourceTree = "<group>";
		};
		B94FC139278EACE500354B2B /* DomainTests */ = {
			isa = PBXGroup;
			children = (
				B94FC13A278EACE500354B2B /* DomainTests.swift */,
			);
			path = DomainTests;
			sourceTree = "<group>";
		};
		C3D80F18FA8D87E41AE46999 /* Pods */ = {
			isa = PBXGroup;
			children = (
				8AEC9CB92643BD8A1136D679 /* Pods-Domain.debug.xcconfig */,
				70B5102CF8198C7AD155101F /* Pods-Domain.release.xcconfig */,
			);
			name = Pods;
			path = ../Pods;
			sourceTree = "<group>";
		};
/* End PBXGroup section */

/* Begin PBXHeadersBuildPhase section */
		B94FC126278EACE500354B2B /* Headers */ = {
			isa = PBXHeadersBuildPhase;
			buildActionMask = 2147483647;
			files = (
				B94FC13C278EACE500354B2B /* Domain.h in Headers */,
			);
			runOnlyForDeploymentPostprocessing = 0;
		};
/* End PBXHeadersBuildPhase section */

/* Begin PBXNativeTarget section */
		B94FC12A278EACE500354B2B /* Domain */ = {
			isa = PBXNativeTarget;
			buildConfigurationList = B94FC13F278EACE500354B2B /* Build configuration list for PBXNativeTarget "Domain" */;
			buildPhases = (
				94014178B0A60F366EE430EF /* [CP] Check Pods Manifest.lock */,
				B94FC126278EACE500354B2B /* Headers */,
				B94FC127278EACE500354B2B /* Sources */,
				B94FC128278EACE500354B2B /* Frameworks */,
				B94FC129278EACE500354B2B /* Resources */,
			);
			buildRules = (
			);
			dependencies = (
			);
			name = Domain;
			productName = Domain;
			productReference = B94FC12B278EACE500354B2B /* Domain.framework */;
			productType = "com.apple.product-type.framework";
		};
		B94FC134278EACE500354B2B /* DomainTests */ = {
			isa = PBXNativeTarget;
			buildConfigurationList = B94FC142278EACE500354B2B /* Build configuration list for PBXNativeTarget "DomainTests" */;
			buildPhases = (
				B94FC131278EACE500354B2B /* Sources */,
				B94FC132278EACE500354B2B /* Frameworks */,
				B94FC133278EACE500354B2B /* Resources */,
			);
			buildRules = (
			);
			dependencies = (
				B94FC138278EACE500354B2B /* PBXTargetDependency */,
			);
			name = DomainTests;
			productName = DomainTests;
			productReference = B94FC135278EACE500354B2B /* DomainTests.xctest */;
			productType = "com.apple.product-type.bundle.unit-test";
		};
/* End PBXNativeTarget section */

/* Begin PBXProject section */
		B94FC122278EACE500354B2B /* Project object */ = {
			isa = PBXProject;
			attributes = {
				BuildIndependentTargetsInParallel = 1;
				LastSwiftUpdateCheck = 1300;
				LastUpgradeCheck = 1300;
				TargetAttributes = {
					B94FC12A278EACE500354B2B = {
						CreatedOnToolsVersion = 13.0;
					};
					B94FC134278EACE500354B2B = {
						CreatedOnToolsVersion = 13.0;
					};
					B9C617C32810F2A200F1D009 = {
						CreatedOnToolsVersion = 13.2.1;
					};
				};
			};
			buildConfigurationList = B94FC125278EACE500354B2B /* Build configuration list for PBXProject "Domain" */;
			compatibilityVersion = "Xcode 13.0";
			developmentRegion = en;
			hasScannedForEncodings = 0;
			knownRegions = (
				en,
				Base,
			);
			mainGroup = B94FC121278EACE500354B2B;
			productRefGroup = B94FC12C278EACE500354B2B /* Products */;
			projectDirPath = "";
			projectRoot = "";
			targets = (
				B94FC12A278EACE500354B2B /* Domain */,
				B94FC134278EACE500354B2B /* DomainTests */,
				B9C617C32810F2A200F1D009 /* xcFramework_Domain */,
			);
		};
/* End PBXProject section */

/* Begin PBXResourcesBuildPhase section */
		B94FC129278EACE500354B2B /* Resources */ = {
			isa = PBXResourcesBuildPhase;
			buildActionMask = 2147483647;
			files = (
			);
			runOnlyForDeploymentPostprocessing = 0;
		};
		B94FC133278EACE500354B2B /* Resources */ = {
			isa = PBXResourcesBuildPhase;
			buildActionMask = 2147483647;
			files = (
			);
			runOnlyForDeploymentPostprocessing = 0;
		};
/* End PBXResourcesBuildPhase section */

/* Begin PBXShellScriptBuildPhase section */
		94014178B0A60F366EE430EF /* [CP] Check Pods Manifest.lock */ = {
			isa = PBXShellScriptBuildPhase;
			buildActionMask = 2147483647;
			files = (
			);
			inputFileListPaths = (
			);
			inputPaths = (
				"${PODS_PODFILE_DIR_PATH}/Podfile.lock",
				"${PODS_ROOT}/Manifest.lock",
			);
			name = "[CP] Check Pods Manifest.lock";
			outputFileListPaths = (
			);
			outputPaths = (
				"$(DERIVED_FILE_DIR)/Pods-Domain-checkManifestLockResult.txt",
			);
			runOnlyForDeploymentPostprocessing = 0;
			shellPath = /bin/sh;
			shellScript = "diff \"${PODS_PODFILE_DIR_PATH}/Podfile.lock\" \"${PODS_ROOT}/Manifest.lock\" > /dev/null\nif [ $? != 0 ] ; then\n    # print error to STDERR\n    echo \"error: The sandbox is not in sync with the Podfile.lock. Run 'pod install' or update your CocoaPods installation.\" >&2\n    exit 1\nfi\n# This output is used by Xcode 'outputs' to avoid re-running this script phase.\necho \"SUCCESS\" > \"${SCRIPT_OUTPUT_FILE_0}\"\n";
			showEnvVarsInLog = 0;
		};
		B9C617C72810F2AB00F1D009 /* ShellScript */ = {
			isa = PBXShellScriptBuildPhase;
			buildActionMask = 2147483647;
			files = (
			);
			inputFileListPaths = (
			);
			inputPaths = (
			);
			outputFileListPaths = (
			);
			outputPaths = (
			);
			runOnlyForDeploymentPostprocessing = 0;
			shellPath = /bin/sh;
			shellScript = "# Build Device and Simulator versions\nxcodebuild archive \\\n    -workspace \"../MyApp.xcworkspace\" \\\n    -scheme \"${PROJECT_NAME}\" \\\n    -archivePath \".././build/iphoneos.xcarchive\" \\\n    -sdk iphoneos \\\n    SKIP_INSTALL=NO \\ \n    BUILD_LIBRARY_FOR_DISTRIBUTION=YES\n\nxcodebuild archive \\\n    -workspace \"../MyApp.xcworkspace\" \\ \n    -scheme \"${PROJECT_NAME}\" \\ \n    -archivePath \".././build/iphonesimulator.xcarchive\" \\\n    -sdk iphonesimulator \\ \n    SKIP_INSTALL=NO \\\n    BUILD_LIBRARY_FOR_DISTRIBUTION=YES\n\nxcodebuild archive \\ \n    -workspace \"../MyApp.xcworkspace\" \\ \n    -scheme \"${PROJECT_NAME}\" \\ \n    -archivePath \"./build/macos.xcarchive\" \\ \n    -sdk macosx \\ \n    SKIP_INSTALL=NO \\ \n    BUILD_LIBRARY_FOR_DISTRIBUTION=YES\n\nxcodebuild -create-xcframework \\\n    -framework \".././build/iphoneos.xcarchive/Products/Library/Frameworks/\"${PROJECT_NAME}\".framework\" \\\n    -framework \".././build/iphonesimulator.xcarchive/Products/Library/Frameworks/\"${PROJECT_NAME}\".framework\" \\\n    -framework \".././build/macosx.xcarchive/Products/Library/Frameworks/\"${PROJECT_NAME}\".framework\" \\\n    -output \".././build/\"${PROJECT_NAME}\".xcframework\"\n    \n# Copy the xcframework to the project directory\n#cp -R \".././build/\"${PROJECT_NAME}\".xcframework\" \".././MyApp/MyApp/folder\"\n\n# Open the project directory in Finder\nopen \".././build\"\n";
		};
/* End PBXShellScriptBuildPhase section */

/* Begin PBXSourcesBuildPhase section */
		B94FC127278EACE500354B2B /* Sources */ = {
			isa = PBXSourcesBuildPhase;
			buildActionMask = 2147483647;
			files = (
				B94FC130278EACE500354B2B /* Domain.docc in Sources */,
				B94FC14B278EB09000354B2B /* Domain.swift in Sources */,
			);
			runOnlyForDeploymentPostprocessing = 0;
		};
		B94FC131278EACE500354B2B /* Sources */ = {
			isa = PBXSourcesBuildPhase;
			buildActionMask = 2147483647;
			files = (
				B94FC13B278EACE500354B2B /* DomainTests.swift in Sources */,
			);
			runOnlyForDeploymentPostprocessing = 0;
		};
/* End PBXSourcesBuildPhase section */

/* Begin PBXTargetDependency section */
		B94FC138278EACE500354B2B /* PBXTargetDependency */ = {
			isa = PBXTargetDependency;
			target = B94FC12A278EACE500354B2B /* Domain */;
			targetProxy = B94FC137278EACE500354B2B /* PBXContainerItemProxy */;
		};
/* End PBXTargetDependency section */

/* Begin XCBuildConfiguration section */
		B94FC13D278EACE500354B2B /* Debug */ = {
			isa = XCBuildConfiguration;
			buildSettings = {
				ALWAYS_SEARCH_USER_PATHS = NO;
				CLANG_ANALYZER_NONNULL = YES;
				CLANG_ANALYZER_NUMBER_OBJECT_CONVERSION = YES_AGGRESSIVE;
				CLANG_CXX_LANGUAGE_STANDARD = "gnu++17";
				CLANG_CXX_LIBRARY = "libc++";
				CLANG_ENABLE_MODULES = YES;
				CLANG_ENABLE_OBJC_ARC = YES;
				CLANG_ENABLE_OBJC_WEAK = YES;
				CLANG_WARN_BLOCK_CAPTURE_AUTORELEASING = YES;
				CLANG_WARN_BOOL_CONVERSION = YES;
				CLANG_WARN_COMMA = YES;
				CLANG_WARN_CONSTANT_CONVERSION = YES;
				CLANG_WARN_DEPRECATED_OBJC_IMPLEMENTATIONS = YES;
				CLANG_WARN_DIRECT_OBJC_ISA_USAGE = YES_ERROR;
				CLANG_WARN_DOCUMENTATION_COMMENTS = YES;
				CLANG_WARN_EMPTY_BODY = YES;
				CLANG_WARN_ENUM_CONVERSION = YES;
				CLANG_WARN_INFINITE_RECURSION = YES;
				CLANG_WARN_INT_CONVERSION = YES;
				CLANG_WARN_NON_LITERAL_NULL_CONVERSION = YES;
				CLANG_WARN_OBJC_IMPLICIT_RETAIN_SELF = YES;
				CLANG_WARN_OBJC_LITERAL_CONVERSION = YES;
				CLANG_WARN_OBJC_ROOT_CLASS = YES_ERROR;
				CLANG_WARN_QUOTED_INCLUDE_IN_FRAMEWORK_HEADER = YES;
				CLANG_WARN_RANGE_LOOP_ANALYSIS = YES;
				CLANG_WARN_STRICT_PROTOTYPES = YES;
				CLANG_WARN_SUSPICIOUS_MOVE = YES;
				CLANG_WARN_UNGUARDED_AVAILABILITY = YES_AGGRESSIVE;
				CLANG_WARN_UNREACHABLE_CODE = YES;
				CLANG_WARN__DUPLICATE_METHOD_MATCH = YES;
				COPY_PHASE_STRIP = NO;
				CURRENT_PROJECT_VERSION = 1;
				DEBUG_INFORMATION_FORMAT = dwarf;
				ENABLE_STRICT_OBJC_MSGSEND = YES;
				ENABLE_TESTABILITY = YES;
				GCC_C_LANGUAGE_STANDARD = gnu11;
				GCC_DYNAMIC_NO_PIC = NO;
				GCC_NO_COMMON_BLOCKS = YES;
				GCC_OPTIMIZATION_LEVEL = 0;
				GCC_PREPROCESSOR_DEFINITIONS = (
					"DEBUG=1",
					"$(inherited)",
				);
				GCC_WARN_64_TO_32_BIT_CONVERSION = YES;
				GCC_WARN_ABOUT_RETURN_TYPE = YES_ERROR;
				GCC_WARN_UNDECLARED_SELECTOR = YES;
				GCC_WARN_UNINITIALIZED_AUTOS = YES_AGGRESSIVE;
				GCC_WARN_UNUSED_FUNCTION = YES;
				GCC_WARN_UNUSED_VARIABLE = YES;
				IPHONEOS_DEPLOYMENT_TARGET = 11.0;
				MTL_ENABLE_DEBUG_INFO = INCLUDE_SOURCE;
				MTL_FAST_MATH = YES;
				ONLY_ACTIVE_ARCH = YES;
				SDKROOT = iphoneos;
				SWIFT_ACTIVE_COMPILATION_CONDITIONS = DEBUG;
				SWIFT_OPTIMIZATION_LEVEL = "-Onone";
				VERSIONING_SYSTEM = "apple-generic";
				VERSION_INFO_PREFIX = "";
			};
			name = Debug;
		};
		B94FC13E278EACE500354B2B /* Release */ = {
			isa = XCBuildConfiguration;
			buildSettings = {
				ALWAYS_SEARCH_USER_PATHS = NO;
				CLANG_ANALYZER_NONNULL = YES;
				CLANG_ANALYZER_NUMBER_OBJECT_CONVERSION = YES_AGGRESSIVE;
				CLANG_CXX_LANGUAGE_STANDARD = "gnu++17";
				CLANG_CXX_LIBRARY = "libc++";
				CLANG_ENABLE_MODULES = YES;
				CLANG_ENABLE_OBJC_ARC = YES;
				CLANG_ENABLE_OBJC_WEAK = YES;
				CLANG_WARN_BLOCK_CAPTURE_AUTORELEASING = YES;
				CLANG_WARN_BOOL_CONVERSION = YES;
				CLANG_WARN_COMMA = YES;
				CLANG_WARN_CONSTANT_CONVERSION = YES;
				CLANG_WARN_DEPRECATED_OBJC_IMPLEMENTATIONS = YES;
				CLANG_WARN_DIRECT_OBJC_ISA_USAGE = YES_ERROR;
				CLANG_WARN_DOCUMENTATION_COMMENTS = YES;
				CLANG_WARN_EMPTY_BODY = YES;
				CLANG_WARN_ENUM_CONVERSION = YES;
				CLANG_WARN_INFINITE_RECURSION = YES;
				CLANG_WARN_INT_CONVERSION = YES;
				CLANG_WARN_NON_LITERAL_NULL_CONVERSION = YES;
				CLANG_WARN_OBJC_IMPLICIT_RETAIN_SELF = YES;
				CLANG_WARN_OBJC_LITERAL_CONVERSION = YES;
				CLANG_WARN_OBJC_ROOT_CLASS = YES_ERROR;
				CLANG_WARN_QUOTED_INCLUDE_IN_FRAMEWORK_HEADER = YES;
				CLANG_WARN_RANGE_LOOP_ANALYSIS = YES;
				CLANG_WARN_STRICT_PROTOTYPES = YES;
				CLANG_WARN_SUSPICIOUS_MOVE = YES;
				CLANG_WARN_UNGUARDED_AVAILABILITY = YES_AGGRESSIVE;
				CLANG_WARN_UNREACHABLE_CODE = YES;
				CLANG_WARN__DUPLICATE_METHOD_MATCH = YES;
				COPY_PHASE_STRIP = NO;
				CURRENT_PROJECT_VERSION = 1;
				DEBUG_INFORMATION_FORMAT = "dwarf-with-dsym";
				ENABLE_NS_ASSERTIONS = NO;
				ENABLE_STRICT_OBJC_MSGSEND = YES;
				GCC_C_LANGUAGE_STANDARD = gnu11;
				GCC_NO_COMMON_BLOCKS = YES;
				GCC_WARN_64_TO_32_BIT_CONVERSION = YES;
				GCC_WARN_ABOUT_RETURN_TYPE = YES_ERROR;
				GCC_WARN_UNDECLARED_SELECTOR = YES;
				GCC_WARN_UNINITIALIZED_AUTOS = YES_AGGRESSIVE;
				GCC_WARN_UNUSED_FUNCTION = YES;
				GCC_WARN_UNUSED_VARIABLE = YES;
				IPHONEOS_DEPLOYMENT_TARGET = 11.0;
				MTL_ENABLE_DEBUG_INFO = NO;
				MTL_FAST_MATH = YES;
				SDKROOT = iphoneos;
				SWIFT_COMPILATION_MODE = wholemodule;
				SWIFT_OPTIMIZATION_LEVEL = "-O";
				VALIDATE_PRODUCT = YES;
				VERSIONING_SYSTEM = "apple-generic";
				VERSION_INFO_PREFIX = "";
			};
			name = Release;
		};
		B94FC140278EACE500354B2B /* Debug */ = {
			isa = XCBuildConfiguration;
			baseConfigurationReference = 8AEC9CB92643BD8A1136D679 /* Pods-Domain.debug.xcconfig */;
			buildSettings = {
				BUILD_LIBRARY_FOR_DISTRIBUTION = YES;
				CODE_SIGN_STYLE = Automatic;
				CURRENT_PROJECT_VERSION = 1;
				DEFINES_MODULE = YES;
				DYLIB_COMPATIBILITY_VERSION = 1;
				DYLIB_CURRENT_VERSION = 1;
				DYLIB_INSTALL_NAME_BASE = "@rpath";
				GENERATE_INFOPLIST_FILE = YES;
				INFOPLIST_KEY_NSHumanReadableCopyright = "";
				INSTALL_PATH = "$(LOCAL_LIBRARY_DIR)/Frameworks";
				IPHONEOS_DEPLOYMENT_TARGET = 11.0;
				LD_RUNPATH_SEARCH_PATHS = (
					"$(inherited)",
					"@executable_path/Frameworks",
					"@loader_path/Frameworks",
				);
				MARKETING_VERSION = 1.0;
				PRODUCT_BUNDLE_IDENTIFIER = com.suhyup.Domain;
				PRODUCT_NAME = "$(TARGET_NAME:c99extidentifier)";
				SKIP_INSTALL = YES;
				SWIFT_EMIT_LOC_STRINGS = YES;
				SWIFT_VERSION = 5.0;
				TARGETED_DEVICE_FAMILY = "1,2";
			};
			name = Debug;
		};
		B94FC141278EACE500354B2B /* Release */ = {
			isa = XCBuildConfiguration;
			baseConfigurationReference = 70B5102CF8198C7AD155101F /* Pods-Domain.release.xcconfig */;
			buildSettings = {
				BUILD_LIBRARY_FOR_DISTRIBUTION = YES;
				CODE_SIGN_STYLE = Automatic;
				CURRENT_PROJECT_VERSION = 1;
				DEFINES_MODULE = YES;
				DYLIB_COMPATIBILITY_VERSION = 1;
				DYLIB_CURRENT_VERSION = 1;
				DYLIB_INSTALL_NAME_BASE = "@rpath";
				GENERATE_INFOPLIST_FILE = YES;
				INFOPLIST_KEY_NSHumanReadableCopyright = "";
				INSTALL_PATH = "$(LOCAL_LIBRARY_DIR)/Frameworks";
				IPHONEOS_DEPLOYMENT_TARGET = 11.0;
				LD_RUNPATH_SEARCH_PATHS = (
					"$(inherited)",
					"@executable_path/Frameworks",
					"@loader_path/Frameworks",
				);
				MARKETING_VERSION = 1.0;
				PRODUCT_BUNDLE_IDENTIFIER = com.suhyup.Domain;
				PRODUCT_NAME = "$(TARGET_NAME:c99extidentifier)";
				SKIP_INSTALL = YES;
				SWIFT_EMIT_LOC_STRINGS = YES;
				SWIFT_VERSION = 5.0;
				TARGETED_DEVICE_FAMILY = "1,2";
			};
			name = Release;
		};
		B94FC143278EACE500354B2B /* Debug */ = {
			isa = XCBuildConfiguration;
			buildSettings = {
				ALWAYS_EMBED_SWIFT_STANDARD_LIBRARIES = YES;
				CODE_SIGN_STYLE = Automatic;
				CURRENT_PROJECT_VERSION = 1;
				GENERATE_INFOPLIST_FILE = YES;
				LD_RUNPATH_SEARCH_PATHS = (
					"$(inherited)",
					"@executable_path/Frameworks",
					"@loader_path/Frameworks",
				);
				MARKETING_VERSION = 1.0;
				PRODUCT_BUNDLE_IDENTIFIER = com.suhyup.DomainTests;
				PRODUCT_NAME = "$(TARGET_NAME)";
				SWIFT_EMIT_LOC_STRINGS = NO;
				SWIFT_VERSION = 5.0;
				TARGETED_DEVICE_FAMILY = "1,2";
			};
			name = Debug;
		};
		B94FC144278EACE500354B2B /* Release */ = {
			isa = XCBuildConfiguration;
			buildSettings = {
				ALWAYS_EMBED_SWIFT_STANDARD_LIBRARIES = YES;
				CODE_SIGN_STYLE = Automatic;
				CURRENT_PROJECT_VERSION = 1;
				GENERATE_INFOPLIST_FILE = YES;
				LD_RUNPATH_SEARCH_PATHS = (
					"$(inherited)",
					"@executable_path/Frameworks",
					"@loader_path/Frameworks",
				);
				MARKETING_VERSION = 1.0;
				PRODUCT_BUNDLE_IDENTIFIER = com.suhyup.DomainTests;
				PRODUCT_NAME = "$(TARGET_NAME)";
				SWIFT_EMIT_LOC_STRINGS = NO;
				SWIFT_VERSION = 5.0;
				TARGETED_DEVICE_FAMILY = "1,2";
			};
			name = Release;
		};
		B9C617C42810F2A200F1D009 /* Debug */ = {
			isa = XCBuildConfiguration;
			buildSettings = {
				BUILD_LIBRARY_FOR_DISTRIBUTION = YES;
				CODE_SIGN_STYLE = Automatic;
				PRODUCT_NAME = "$(TARGET_NAME)";
			};
			name = Debug;
		};
		B9C617C52810F2A200F1D009 /* Release */ = {
			isa = XCBuildConfiguration;
			buildSettings = {
				BUILD_LIBRARY_FOR_DISTRIBUTION = YES;
				CODE_SIGN_STYLE = Automatic;
				PRODUCT_NAME = "$(TARGET_NAME)";
			};
			name = Release;
		};
/* End XCBuildConfiguration section */

/* Begin XCConfigurationList section */
		B94FC125278EACE500354B2B /* Build configuration list for PBXProject "Domain" */ = {
			isa = XCConfigurationList;
			buildConfigurations = (
				B94FC13D278EACE500354B2B /* Debug */,
				B94FC13E278EACE500354B2B /* Release */,
			);
			defaultConfigurationIsVisible = 0;
			defaultConfigurationName = Release;
		};
		B94FC13F278EACE500354B2B /* Build configuration list for PBXNativeTarget "Domain" */ = {
			isa = XCConfigurationList;
			buildConfigurations = (
				B94FC140278EACE500354B2B /* Debug */,
				B94FC141278EACE500354B2B /* Release */,
			);
			defaultConfigurationIsVisible = 0;
			defaultConfigurationName = Release;
		};
		B94FC142278EACE500354B2B /* Build configuration list for PBXNativeTarget "DomainTests" */ = {
			isa = XCConfigurationList;
			buildConfigurations = (
				B94FC143278EACE500354B2B /* Debug */,
				B94FC144278EACE500354B2B /* Release */,
			);
			defaultConfigurationIsVisible = 0;
			defaultConfigurationName = Release;
		};
		B9C617C62810F2A200F1D009 /* Build configuration list for PBXAggregateTarget "xcFramework_Domain" */ = {
			isa = XCConfigurationList;
			buildConfigurations = (
				B9C617C42810F2A200F1D009 /* Debug */,
				B9C617C52810F2A200F1D009 /* Release */,
			);
			defaultConfigurationIsVisible = 0;
			defaultConfigurationName = Release;
		};
/* End XCConfigurationList section */
	};
	rootObject = B94FC122278EACE500354B2B /* Project object */;
}
